
Microsoft Visual Studio Solution File, Format Version 12.00
# Visual Studio Version 17
VisualStudioVersion = 17.3.32901.215
MinimumVisualStudioVersion = 10.0.40219.1
Project("{9A19103F-16F7-4668-BE54-9A1E7A4F7556}") = "Smoke Test", "Smoke Test\Smoke Test.csproj", "{FB26D6F7-599F-418E-B020-07E76848A125}"
EndProject
Project("{9A19103F-16F7-4668-BE54-9A1E7A4F7556}") = "Prime Time", "Prime Time\Prime Time.csproj", "{BF1C9033-A3B0-4291-97A5-5C7D7957FF34}"
EndProject
Project("{9A19103F-16F7-4668-BE54-9A1E7A4F7556}") = "Means to an End", "Means to an End\Means to an End.csproj", "{66CD376A-7861-435D-A1D5-5AA4B8AFBB9E}"
EndProject
Project("{9A19103F-16F7-4668-BE54-9A1E7A4F7556}") = "Budget Chat", "Budget Chat\Budget Chat.csproj", "{EFEAF285-0710-4C47-9575-897BC3C2D3ED}"
EndProject
Project("{9A19103F-16F7-4668-BE54-9A1E7A4F7556}") = "Unusual Database Program", "Unusual Database Program\Unusual Database Program.csproj", "{72A3252E-2B99-4DBF-AF6B-BD7F9CBEF0F6}"
EndProject
Project("{9A19103F-16F7-4668-BE54-9A1E7A4F7556}") = "Mob in the Middle", "Mob in the Middle\Mob in the Middle.csproj", "{4BF21C0D-3950-4FAA-8D7F-A209575B6805}"
EndProject
Project("{9A19103F-16F7-4668-BE54-9A1E7A4F7556}") = "Speed Daemon", "Speed Daemon\Speed Daemon.csproj", "{E24A1B48-F839-46CC-A11B-05032508F40F}"
EndProject
Project("{FAE04EC0-301F-11D3-BF4B-00C04F79EFBC}") = "Line Reversal", "Line Reversal\Line Reversal.csproj", "{AC6D7100-1945-4544-9260-3727484AE8BE}"
EndProject
Project("{FAE04EC0-301F-11D3-BF4B-00C04F79EFBC}") = "Insecure Sockets Layer", "Insecure Sockets Layer\Insecure Sockets Layer.csproj", "{ECF9340E-27EC-4C7F-A038-4BE9780959B8}"
EndProject
Global
	GlobalSection(SolutionConfigurationPlatforms) = preSolution
		Debug|Any CPU = Debug|Any CPU
		Release|Any CPU = Release|Any CPU
	EndGlobalSection
	GlobalSection(ProjectConfigurationPlatforms) = postSolution
		{FB26D6F7-599F-418E-B020-07E76848A125}.Debug|Any CPU.ActiveCfg = Debug|Any CPU
		{FB26D6F7-599F-418E-B020-07E76848A125}.Debug|Any CPU.Build.0 = Debug|Any CPU
		{FB26D6F7-599F-418E-B020-07E76848A125}.Release|Any CPU.ActiveCfg = Release|Any CPU
		{FB26D6F7-599F-418E-B020-07E76848A125}.Release|Any CPU.Build.0 = Release|Any CPU
		{BF1C9033-A3B0-4291-97A5-5C7D7957FF34}.Debug|Any CPU.ActiveCfg = Debug|Any CPU
		{BF1C9033-A3B0-4291-97A5-5C7D7957FF34}.Debug|Any CPU.Build.0 = Debug|Any CPU
		{BF1C9033-A3B0-4291-97A5-5C7D7957FF34}.Release|Any CPU.ActiveCfg = Release|Any CPU
		{BF1C9033-A3B0-4291-97A5-5C7D7957FF34}.Release|Any CPU.Build.0 = Release|Any CPU
		{66CD376A-7861-435D-A1D5-5AA4B8AFBB9E}.Debug|Any CPU.ActiveCfg = Debug|Any CPU
		{66CD376A-7861-435D-A1D5-5AA4B8AFBB9E}.Debug|Any CPU.Build.0 = Debug|Any CPU
		{66CD376A-7861-435D-A1D5-5AA4B8AFBB9E}.Release|Any CPU.ActiveCfg = Release|Any CPU
		{66CD376A-7861-435D-A1D5-5AA4B8AFBB9E}.Release|Any CPU.Build.0 = Release|Any CPU
		{EFEAF285-0710-4C47-9575-897BC3C2D3ED}.Debug|Any CPU.ActiveCfg = Debug|Any CPU
		{EFEAF285-0710-4C47-9575-897BC3C2D3ED}.Debug|Any CPU.Build.0 = Debug|Any CPU
		{EFEAF285-0710-4C47-9575-897BC3C2D3ED}.Release|Any CPU.ActiveCfg = Release|Any CPU
		{EFEAF285-0710-4C47-9575-897BC3C2D3ED}.Release|Any CPU.Build.0 = Release|Any CPU
		{72A3252E-2B99-4DBF-AF6B-BD7F9CBEF0F6}.Debug|Any CPU.ActiveCfg = Debug|Any CPU
		{72A3252E-2B99-4DBF-AF6B-BD7F9CBEF0F6}.Debug|Any CPU.Build.0 = Debug|Any CPU
		{72A3252E-2B99-4DBF-AF6B-BD7F9CBEF0F6}.Release|Any CPU.ActiveCfg = Release|Any CPU
		{72A3252E-2B99-4DBF-AF6B-BD7F9CBEF0F6}.Release|Any CPU.Build.0 = Release|Any CPU
		{4BF21C0D-3950-4FAA-8D7F-A209575B6805}.Debug|Any CPU.ActiveCfg = Debug|Any CPU
		{4BF21C0D-3950-4FAA-8D7F-A209575B6805}.Debug|Any CPU.Build.0 = Debug|Any CPU
		{4BF21C0D-3950-4FAA-8D7F-A209575B6805}.Release|Any CPU.ActiveCfg = Release|Any CPU
		{4BF21C0D-3950-4FAA-8D7F-A209575B6805}.Release|Any CPU.Build.0 = Release|Any CPU
		{E24A1B48-F839-46CC-A11B-05032508F40F}.Debug|Any CPU.ActiveCfg = Debug|Any CPU
		{E24A1B48-F839-46CC-A11B-05032508F40F}.Debug|Any CPU.Build.0 = Debug|Any CPU
		{E24A1B48-F839-46CC-A11B-05032508F40F}.Release|Any CPU.ActiveCfg = Release|Any CPU
		{E24A1B48-F839-46CC-A11B-05032508F40F}.Release|Any CPU.Build.0 = Release|Any CPU
		{AC6D7100-1945-4544-9260-3727484AE8BE}.Debug|Any CPU.ActiveCfg = Debug|Any CPU
		{AC6D7100-1945-4544-9260-3727484AE8BE}.Debug|Any CPU.Build.0 = Debug|Any CPU
		{AC6D7100-1945-4544-9260-3727484AE8BE}.Release|Any CPU.ActiveCfg = Release|Any CPU
		{AC6D7100-1945-4544-9260-3727484AE8BE}.Release|Any CPU.Build.0 = Release|Any CPU
		{ECF9340E-27EC-4C7F-A038-4BE9780959B8}.Debug|Any CPU.ActiveCfg = Debug|Any CPU
		{ECF9340E-27EC-4C7F-A038-4BE9780959B8}.Debug|Any CPU.Build.0 = Debug|Any CPU
		{ECF9340E-27EC-4C7F-A038-4BE9780959B8}.Release|Any CPU.ActiveCfg = Release|Any CPU
		{ECF9340E-27EC-4C7F-A038-4BE9780959B8}.Release|Any CPU.Build.0 = Release|Any CPU
	EndGlobalSection
	GlobalSection(SolutionProperties) = preSolution
		HideSolutionNode = FALSE
	EndGlobalSection
	GlobalSection(ExtensibilityGlobals) = postSolution
		SolutionGuid = {30770E09-5EB1-4268-B73C-C466B6E77D96}
	EndGlobalSection
EndGlobal
